
Microsoft Visual Studio Solution File, Format Version 12.00
# Visual Studio Version 17
VisualStudioVersion = 17.11.35327.3
MinimumVisualStudioVersion = 10.0.40219.1
Project("{2150E333-8FDC-42A3-9474-1A3956D46DE8}") = "Project.Domain", "Project.Domain", "{5E2B136E-54C7-4DD4-BEFB-88D5AFCF087A}"
EndProject
Project("{9A19103F-16F7-4668-BE54-9A1E7A4F7556}") = "Project.Data", "Project.Data\Project.Data.csproj", "{01E92311-4A79-4D67-B880-EC9FCC8DCAFB}"
EndProject
Project("{2150E333-8FDC-42A3-9474-1A3956D46DE8}") = "Project.Infrustructure", "Project.Infrustructure", "{3EB3EA2E-E015-47B0-B86F-95858893D33A}"
EndProject
Project("{2150E333-8FDC-42A3-9474-1A3956D46DE8}") = "Project.Setting", "Project.Setting", "{DA410D06-AD87-4F36-B3B9-496659030811}"
EndProject
Project("{2150E333-8FDC-42A3-9474-1A3956D46DE8}") = "Project.Web", "Project.Web", "{B3A154E6-B36D-44D8-AB7C-9CA155FFA156}"
EndProject
Project("{9A19103F-16F7-4668-BE54-9A1E7A4F7556}") = "Project.Api", "Project.Api\Project.Api.csproj", "{082E0F45-2A02-4A87-808D-89F010EDA25B}"
EndProject
Project("{2150E333-8FDC-42A3-9474-1A3956D46DE8}") = "Project.Module.User", "Project.Module.User", "{7EB7C356-E5C7-4056-AC53-BF93D64A21E2}"
EndProject
Project("{9A19103F-16F7-4668-BE54-9A1E7A4F7556}") = "Project.EntityFramework", "Project.EntityFramework\Project.EntityFramework.csproj", "{C42B185A-E421-46C0-9368-5B1D5998F3FC}"
EndProject
Project("{9A19103F-16F7-4668-BE54-9A1E7A4F7556}") = "Project.Repository", "Project.Repository\Project.Repository.csproj", "{513AAD29-4076-4121-84C4-C0E6BB996F49}"
EndProject
Project("{9A19103F-16F7-4668-BE54-9A1E7A4F7556}") = "Project.User.Services", "Project.User.Services\Project.User.Services.csproj", "{63B6501E-9DD4-497A-972A-D64EB451990F}"
EndProject
Project("{9A19103F-16F7-4668-BE54-9A1E7A4F7556}") = "Project.ResponseHandler", "Project.ResponseHandler\Project.ResponseHandler.csproj", "{EF22059E-FA1E-4DC3-ABD6-5220253D811A}"
EndProject
Project("{9A19103F-16F7-4668-BE54-9A1E7A4F7556}") = "Project.Comman", "Project.Comman\Project.Comman.csproj", "{B277B0D0-6CF4-491D-9447-C221A83C2614}"
EndProject
Project("{9A19103F-16F7-4668-BE54-9A1E7A4F7556}") = "Project.User.Intergration", "Project.Intergration\Project.User.Intergration.csproj", "{FE6A68E1-A675-4345-A970-949FFB037BD3}"
EndProject
Project("{9A19103F-16F7-4668-BE54-9A1E7A4F7556}") = "Project.User.API", "Project.Module.User\Project.User.API.csproj", "{C3CF19D8-87FB-42B9-8124-1FD12B47B151}"
EndProject
Project("{2150E333-8FDC-42A3-9474-1A3956D46DE8}") = "Project.Services", "Project.Services", "{724F3B7A-DA79-4588-9EA4-1BC8EE03ED54}"
EndProject
Project("{2150E333-8FDC-42A3-9474-1A3956D46DE8}") = "Project.Module.Logic", "Project.Module.Logic", "{AFF453E7-D1F0-4BC9-B9FA-DBA9F9B582A8}"
EndProject
Project("{FAE04EC0-301F-11D3-BF4B-00C04F79EFBC}") = "Project.Logic.Service", "Project.Logic.Service\Project.Logic.Service.csproj", "{25EEEDFE-35C3-461F-99C6-1C204FAB7C47}"
EndProject
Project("{FAE04EC0-301F-11D3-BF4B-00C04F79EFBC}") = "Project.Logic.API", "Project.Logic.API\Project.Logic.API.csproj", "{A16C1E63-E850-42DD-8E9B-9A3726127861}"
EndProject
Global
	GlobalSection(SolutionConfigurationPlatforms) = preSolution
		Debug|Any CPU = Debug|Any CPU
		Release|Any CPU = Release|Any CPU
	EndGlobalSection
	GlobalSection(ProjectConfigurationPlatforms) = postSolution
		{01E92311-4A79-4D67-B880-EC9FCC8DCAFB}.Debug|Any CPU.ActiveCfg = Debug|Any CPU
		{01E92311-4A79-4D67-B880-EC9FCC8DCAFB}.Debug|Any CPU.Build.0 = Debug|Any CPU
		{01E92311-4A79-4D67-B880-EC9FCC8DCAFB}.Release|Any CPU.ActiveCfg = Release|Any CPU
		{01E92311-4A79-4D67-B880-EC9FCC8DCAFB}.Release|Any CPU.Build.0 = Release|Any CPU
		{082E0F45-2A02-4A87-808D-89F010EDA25B}.Debug|Any CPU.ActiveCfg = Debug|Any CPU
		{082E0F45-2A02-4A87-808D-89F010EDA25B}.Debug|Any CPU.Build.0 = Debug|Any CPU
		{082E0F45-2A02-4A87-808D-89F010EDA25B}.Release|Any CPU.ActiveCfg = Release|Any CPU
		{082E0F45-2A02-4A87-808D-89F010EDA25B}.Release|Any CPU.Build.0 = Release|Any CPU
		{C42B185A-E421-46C0-9368-5B1D5998F3FC}.Debug|Any CPU.ActiveCfg = Debug|Any CPU
		{C42B185A-E421-46C0-9368-5B1D5998F3FC}.Debug|Any CPU.Build.0 = Debug|Any CPU
		{C42B185A-E421-46C0-9368-5B1D5998F3FC}.Release|Any CPU.ActiveCfg = Release|Any CPU
		{C42B185A-E421-46C0-9368-5B1D5998F3FC}.Release|Any CPU.Build.0 = Release|Any CPU
		{513AAD29-4076-4121-84C4-C0E6BB996F49}.Debug|Any CPU.ActiveCfg = Debug|Any CPU
		{513AAD29-4076-4121-84C4-C0E6BB996F49}.Debug|Any CPU.Build.0 = Debug|Any CPU
		{513AAD29-4076-4121-84C4-C0E6BB996F49}.Release|Any CPU.ActiveCfg = Release|Any CPU
		{513AAD29-4076-4121-84C4-C0E6BB996F49}.Release|Any CPU.Build.0 = Release|Any CPU
		{63B6501E-9DD4-497A-972A-D64EB451990F}.Debug|Any CPU.ActiveCfg = Debug|Any CPU
		{63B6501E-9DD4-497A-972A-D64EB451990F}.Debug|Any CPU.Build.0 = Debug|Any CPU
		{63B6501E-9DD4-497A-972A-D64EB451990F}.Release|Any CPU.ActiveCfg = Release|Any CPU
		{63B6501E-9DD4-497A-972A-D64EB451990F}.Release|Any CPU.Build.0 = Release|Any CPU
		{EF22059E-FA1E-4DC3-ABD6-5220253D811A}.Debug|Any CPU.ActiveCfg = Debug|Any CPU
		{EF22059E-FA1E-4DC3-ABD6-5220253D811A}.Debug|Any CPU.Build.0 = Debug|Any CPU
		{EF22059E-FA1E-4DC3-ABD6-5220253D811A}.Release|Any CPU.ActiveCfg = Release|Any CPU
		{EF22059E-FA1E-4DC3-ABD6-5220253D811A}.Release|Any CPU.Build.0 = Release|Any CPU
		{B277B0D0-6CF4-491D-9447-C221A83C2614}.Debug|Any CPU.ActiveCfg = Debug|Any CPU
		{B277B0D0-6CF4-491D-9447-C221A83C2614}.Debug|Any CPU.Build.0 = Debug|Any CPU
		{B277B0D0-6CF4-491D-9447-C221A83C2614}.Release|Any CPU.ActiveCfg = Release|Any CPU
		{B277B0D0-6CF4-491D-9447-C221A83C2614}.Release|Any CPU.Build.0 = Release|Any CPU
		{FE6A68E1-A675-4345-A970-949FFB037BD3}.Debug|Any CPU.ActiveCfg = Debug|Any CPU
		{FE6A68E1-A675-4345-A970-949FFB037BD3}.Debug|Any CPU.Build.0 = Debug|Any CPU
		{FE6A68E1-A675-4345-A970-949FFB037BD3}.Release|Any CPU.ActiveCfg = Release|Any CPU
		{FE6A68E1-A675-4345-A970-949FFB037BD3}.Release|Any CPU.Build.0 = Release|Any CPU
		{C3CF19D8-87FB-42B9-8124-1FD12B47B151}.Debug|Any CPU.ActiveCfg = Debug|Any CPU
		{C3CF19D8-87FB-42B9-8124-1FD12B47B151}.Debug|Any CPU.Build.0 = Debug|Any CPU
		{C3CF19D8-87FB-42B9-8124-1FD12B47B151}.Release|Any CPU.ActiveCfg = Release|Any CPU
		{C3CF19D8-87FB-42B9-8124-1FD12B47B151}.Release|Any CPU.Build.0 = Release|Any CPU
		{25EEEDFE-35C3-461F-99C6-1C204FAB7C47}.Debug|Any CPU.ActiveCfg = Debug|Any CPU
		{25EEEDFE-35C3-461F-99C6-1C204FAB7C47}.Debug|Any CPU.Build.0 = Debug|Any CPU
		{25EEEDFE-35C3-461F-99C6-1C204FAB7C47}.Release|Any CPU.ActiveCfg = Release|Any CPU
		{25EEEDFE-35C3-461F-99C6-1C204FAB7C47}.Release|Any CPU.Build.0 = Release|Any CPU
		{A16C1E63-E850-42DD-8E9B-9A3726127861}.Debug|Any CPU.ActiveCfg = Debug|Any CPU
		{A16C1E63-E850-42DD-8E9B-9A3726127861}.Debug|Any CPU.Build.0 = Debug|Any CPU
		{A16C1E63-E850-42DD-8E9B-9A3726127861}.Release|Any CPU.ActiveCfg = Release|Any CPU
		{A16C1E63-E850-42DD-8E9B-9A3726127861}.Release|Any CPU.Build.0 = Release|Any CPU
	EndGlobalSection
	GlobalSection(SolutionProperties) = preSolution
		HideSolutionNode = FALSE
	EndGlobalSection
	GlobalSection(NestedProjects) = preSolution
		{01E92311-4A79-4D67-B880-EC9FCC8DCAFB} = {5E2B136E-54C7-4DD4-BEFB-88D5AFCF087A}
		{082E0F45-2A02-4A87-808D-89F010EDA25B} = {B3A154E6-B36D-44D8-AB7C-9CA155FFA156}
		{7EB7C356-E5C7-4056-AC53-BF93D64A21E2} = {724F3B7A-DA79-4588-9EA4-1BC8EE03ED54}
		{C42B185A-E421-46C0-9368-5B1D5998F3FC} = {3EB3EA2E-E015-47B0-B86F-95858893D33A}
		{513AAD29-4076-4121-84C4-C0E6BB996F49} = {3EB3EA2E-E015-47B0-B86F-95858893D33A}
		{63B6501E-9DD4-497A-972A-D64EB451990F} = {7EB7C356-E5C7-4056-AC53-BF93D64A21E2}
		{EF22059E-FA1E-4DC3-ABD6-5220253D811A} = {DA410D06-AD87-4F36-B3B9-496659030811}
		{B277B0D0-6CF4-491D-9447-C221A83C2614} = {DA410D06-AD87-4F36-B3B9-496659030811}
		{FE6A68E1-A675-4345-A970-949FFB037BD3} = {7EB7C356-E5C7-4056-AC53-BF93D64A21E2}
		{C3CF19D8-87FB-42B9-8124-1FD12B47B151} = {7EB7C356-E5C7-4056-AC53-BF93D64A21E2}
		{AFF453E7-D1F0-4BC9-B9FA-DBA9F9B582A8} = {724F3B7A-DA79-4588-9EA4-1BC8EE03ED54}
		{25EEEDFE-35C3-461F-99C6-1C204FAB7C47} = {AFF453E7-D1F0-4BC9-B9FA-DBA9F9B582A8}
		{A16C1E63-E850-42DD-8E9B-9A3726127861} = {AFF453E7-D1F0-4BC9-B9FA-DBA9F9B582A8}
	EndGlobalSection
	GlobalSection(ExtensibilityGlobals) = postSolution
		SolutionGuid = {ECC5B3B4-1215-4670-A666-332AAF335B64}
	EndGlobalSection
EndGlobal
